
Microsoft Visual Studio Solution File, Format Version 12.00
# Visual Studio Version 16
VisualStudioVersion = 16.0.31624.102
MinimumVisualStudioVersion = 10.0.40219.1
Project("{FAE04EC0-301F-11D3-BF4B-00C04F79EFBC}") = "PersonelTakipSistemiAPP", "PersonelTakipSistemiAPP\PersonelTakipSistemiAPP.csproj", "{C21C3E3C-69CE-4440-84B7-738926BF0F4B}"
EndProject
Project("{FAE04EC0-301F-11D3-BF4B-00C04F79EFBC}") = "BLL", "BLL\BLL.csproj", "{B1348321-EE84-4050-A300-BF6FC7D7FE91}"
EndProject
Project("{FAE04EC0-301F-11D3-BF4B-00C04F79EFBC}") = "DAL", "DAL\DAL.csproj", "{4D967231-052C-4F07-8289-B494F607640D}"
EndProject
Global
	GlobalSection(SolutionConfigurationPlatforms) = preSolution
		Debug|Any CPU = Debug|Any CPU
		Release|Any CPU = Release|Any CPU
	EndGlobalSection
	GlobalSection(ProjectConfigurationPlatforms) = postSolution
		{C21C3E3C-69CE-4440-84B7-738926BF0F4B}.Debug|Any CPU.ActiveCfg = Debug|Any CPU
		{C21C3E3C-69CE-4440-84B7-738926BF0F4B}.Debug|Any CPU.Build.0 = Debug|Any CPU
		{C21C3E3C-69CE-4440-84B7-738926BF0F4B}.Release|Any CPU.ActiveCfg = Release|Any CPU
		{C21C3E3C-69CE-4440-84B7-738926BF0F4B}.Release|Any CPU.Build.0 = Release|Any CPU
		{B1348321-EE84-4050-A300-BF6FC7D7FE91}.Debug|Any CPU.ActiveCfg = Debug|Any CPU
		{B1348321-EE84-4050-A300-BF6FC7D7FE91}.Debug|Any CPU.Build.0 = Debug|Any CPU
		{B1348321-EE84-4050-A300-BF6FC7D7FE91}.Release|Any CPU.ActiveCfg = Release|Any CPU
		{B1348321-EE84-4050-A300-BF6FC7D7FE91}.Release|Any CPU.Build.0 = Release|Any CPU
		{4D967231-052C-4F07-8289-B494F607640D}.Debug|Any CPU.ActiveCfg = Debug|Any CPU
		{4D967231-052C-4F07-8289-B494F607640D}.Debug|Any CPU.Build.0 = Debug|Any CPU
		{4D967231-052C-4F07-8289-B494F607640D}.Release|Any CPU.ActiveCfg = Release|Any CPU
		{4D967231-052C-4F07-8289-B494F607640D}.Release|Any CPU.Build.0 = Release|Any CPU
	EndGlobalSection
	GlobalSection(SolutionProperties) = preSolution
		HideSolutionNode = FALSE
	EndGlobalSection
	GlobalSection(ExtensibilityGlobals) = postSolution
		SolutionGuid = {51721538-24D9-48F0-9526-DD4300A36672}
	EndGlobalSection
EndGlobal
